// !$*UTF8*$!
{
	archiveVersion = 1;
	classes = {
	};
	objectVersion = 52;
	objects = {

/* Begin PBXBuildFile section */
		0478131E262B2A3C008033B0 /* AppDelegate.swift in Sources */ = {isa = PBXBuildFile; fileRef = 0478131D262B2A3C008033B0 /* AppDelegate.swift */; };
		04781320262B2A3C008033B0 /* SceneDelegate.swift in Sources */ = {isa = PBXBuildFile; fileRef = 0478131F262B2A3C008033B0 /* SceneDelegate.swift */; };
		04781322262B2A3C008033B0 /* ViewController.swift in Sources */ = {isa = PBXBuildFile; fileRef = 04781321262B2A3C008033B0 /* ViewController.swift */; };
		04781325262B2A3C008033B0 /* Main.storyboard in Resources */ = {isa = PBXBuildFile; fileRef = 04781323262B2A3C008033B0 /* Main.storyboard */; };
		04781327262B2A3F008033B0 /* Assets.xcassets in Resources */ = {isa = PBXBuildFile; fileRef = 04781326262B2A3F008033B0 /* Assets.xcassets */; };
		0478132A262B2A3F008033B0 /* LaunchScreen.storyboard in Resources */ = {isa = PBXBuildFile; fileRef = 04781328262B2A3F008033B0 /* LaunchScreen.storyboard */; };
		04781346262B2BFF008033B0 /* UnleashFeatureFlags in Frameworks */ = {isa = PBXBuildFile; productRef = 04781345262B2BFF008033B0 /* UnleashFeatureFlags */; };
		04781349262B2D1A008033B0 /* EnvironmentStrategy.swift in Sources */ = {isa = PBXBuildFile; fileRef = 04781348262B2D1A008033B0 /* EnvironmentStrategy.swift */; };
/* End PBXBuildFile section */

/* Begin PBXFileReference section */
		0478131A262B2A3C008033B0 /* SampleFeatureFlags.app */ = {isa = PBXFileReference; explicitFileType = wrapper.application; includeInIndex = 0; path = SampleFeatureFlags.app; sourceTree = BUILT_PRODUCTS_DIR; };
		0478131D262B2A3C008033B0 /* AppDelegate.swift */ = {isa = PBXFileReference; lastKnownFileType = sourcecode.swift; path = AppDelegate.swift; sourceTree = "<group>"; };
		0478131F262B2A3C008033B0 /* SceneDelegate.swift */ = {isa = PBXFileReference; lastKnownFileType = sourcecode.swift; path = SceneDelegate.swift; sourceTree = "<group>"; };
		04781321262B2A3C008033B0 /* ViewController.swift */ = {isa = PBXFileReference; lastKnownFileType = sourcecode.swift; path = ViewController.swift; sourceTree = "<group>"; };
		04781324262B2A3C008033B0 /* Base */ = {isa = PBXFileReference; lastKnownFileType = file.storyboard; name = Base; path = Base.lproj/Main.storyboard; sourceTree = "<group>"; };
		04781326262B2A3F008033B0 /* Assets.xcassets */ = {isa = PBXFileReference; lastKnownFileType = folder.assetcatalog; path = Assets.xcassets; sourceTree = "<group>"; };
		04781329262B2A3F008033B0 /* Base */ = {isa = PBXFileReference; lastKnownFileType = file.storyboard; name = Base; path = Base.lproj/LaunchScreen.storyboard; sourceTree = "<group>"; };
		0478132B262B2A3F008033B0 /* Info.plist */ = {isa = PBXFileReference; lastKnownFileType = text.plist.xml; path = Info.plist; sourceTree = "<group>"; };
		04781348262B2D1A008033B0 /* EnvironmentStrategy.swift */ = {isa = PBXFileReference; lastKnownFileType = sourcecode.swift; path = EnvironmentStrategy.swift; sourceTree = "<group>"; };
/* End PBXFileReference section */

/* Begin PBXFrameworksBuildPhase section */
		04781317262B2A3C008033B0 /* Frameworks */ = {
			isa = PBXFrameworksBuildPhase;
			buildActionMask = 2147483647;
			files = (
				04781346262B2BFF008033B0 /* UnleashFeatureFlags in Frameworks */,
			);
			runOnlyForDeploymentPostprocessing = 0;
		};
/* End PBXFrameworksBuildPhase section */

/* Begin PBXGroup section */
		04781311262B2A3C008033B0 = {
			isa = PBXGroup;
			children = (
				0478131C262B2A3C008033B0 /* SampleFeatureFlags */,
				0478131B262B2A3C008033B0 /* Products */,
			);
			sourceTree = "<group>";
		};
		0478131B262B2A3C008033B0 /* Products */ = {
			isa = PBXGroup;
			children = (
				0478131A262B2A3C008033B0 /* SampleFeatureFlags.app */,
			);
			name = Products;
			sourceTree = "<group>";
		};
		0478131C262B2A3C008033B0 /* SampleFeatureFlags */ = {
			isa = PBXGroup;
			children = (
				0478131D262B2A3C008033B0 /* AppDelegate.swift */,
				0478131F262B2A3C008033B0 /* SceneDelegate.swift */,
				04781321262B2A3C008033B0 /* ViewController.swift */,
				04781323262B2A3C008033B0 /* Main.storyboard */,
				04781326262B2A3F008033B0 /* Assets.xcassets */,
				04781328262B2A3F008033B0 /* LaunchScreen.storyboard */,
				0478132B262B2A3F008033B0 /* Info.plist */,
				04781348262B2D1A008033B0 /* EnvironmentStrategy.swift */,
			);
			path = SampleFeatureFlags;
			sourceTree = "<group>";
		};
/* End PBXGroup section */

/* Begin PBXNativeTarget section */
		04781319262B2A3C008033B0 /* SampleFeatureFlags */ = {
			isa = PBXNativeTarget;
			buildConfigurationList = 0478132E262B2A3F008033B0 /* Build configuration list for PBXNativeTarget "SampleFeatureFlags" */;
			buildPhases = (
				04781316262B2A3C008033B0 /* Sources */,
				04781317262B2A3C008033B0 /* Frameworks */,
				04781318262B2A3C008033B0 /* Resources */,
			);
			buildRules = (
			);
			dependencies = (
			);
			name = SampleFeatureFlags;
			packageProductDependencies = (
				04781345262B2BFF008033B0 /* UnleashFeatureFlags */,
			);
			productName = SampleFeatureFlags;
			productReference = 0478131A262B2A3C008033B0 /* SampleFeatureFlags.app */;
			productType = "com.apple.product-type.application";
		};
/* End PBXNativeTarget section */

/* Begin PBXProject section */
		04781312262B2A3C008033B0 /* Project object */ = {
			isa = PBXProject;
			attributes = {
				LastSwiftUpdateCheck = 1240;
				LastUpgradeCheck = 1240;
				TargetAttributes = {
					04781319262B2A3C008033B0 = {
						CreatedOnToolsVersion = 12.4;
					};
				};
			};
			buildConfigurationList = 04781315262B2A3C008033B0 /* Build configuration list for PBXProject "SampleFeatureFlags" */;
			compatibilityVersion = "Xcode 9.3";
			developmentRegion = en;
			hasScannedForEncodings = 0;
			knownRegions = (
				en,
				Base,
			);
			mainGroup = 04781311262B2A3C008033B0;
			packageReferences = (
				04781344262B2BFF008033B0 /* XCRemoteSwiftPackageReference "UnleashGitlabFeatureFlags" */,
			);
			productRefGroup = 0478131B262B2A3C008033B0 /* Products */;
			projectDirPath = "";
			projectRoot = "";
			targets = (
				04781319262B2A3C008033B0 /* SampleFeatureFlags */,
			);
		};
/* End PBXProject section */

/* Begin PBXResourcesBuildPhase section */
		04781318262B2A3C008033B0 /* Resources */ = {
			isa = PBXResourcesBuildPhase;
			buildActionMask = 2147483647;
			files = (
				0478132A262B2A3F008033B0 /* LaunchScreen.storyboard in Resources */,
				04781327262B2A3F008033B0 /* Assets.xcassets in Resources */,
				04781325262B2A3C008033B0 /* Main.storyboard in Resources */,
			);
			runOnlyForDeploymentPostprocessing = 0;
		};
/* End PBXResourcesBuildPhase section */

/* Begin PBXSourcesBuildPhase section */
		04781316262B2A3C008033B0 /* Sources */ = {
			isa = PBXSourcesBuildPhase;
			buildActionMask = 2147483647;
			files = (
				04781349262B2D1A008033B0 /* EnvironmentStrategy.swift in Sources */,
				04781322262B2A3C008033B0 /* ViewController.swift in Sources */,
				0478131E262B2A3C008033B0 /* AppDelegate.swift in Sources */,
				04781320262B2A3C008033B0 /* SceneDelegate.swift in Sources */,
			);
			runOnlyForDeploymentPostprocessing = 0;
		};
/* End PBXSourcesBuildPhase section */

/* Begin PBXVariantGroup section */
		04781323262B2A3C008033B0 /* Main.storyboard */ = {
			isa = PBXVariantGroup;
			children = (
				04781324262B2A3C008033B0 /* Base */,
			);
			name = Main.storyboard;
			sourceTree = "<group>";
		};
		04781328262B2A3F008033B0 /* LaunchScreen.storyboard */ = {
			isa = PBXVariantGroup;
			children = (
				04781329262B2A3F008033B0 /* Base */,
			);
			name = LaunchScreen.storyboard;
			sourceTree = "<group>";
		};
/* End PBXVariantGroup section */

/* Begin XCBuildConfiguration section */
		0478132C262B2A3F008033B0 /* Debug */ = {
			isa = XCBuildConfiguration;
			buildSettings = {
				ALWAYS_SEARCH_USER_PATHS = NO;
				CLANG_ANALYZER_NONNULL = YES;
				CLANG_ANALYZER_NUMBER_OBJECT_CONVERSION = YES_AGGRESSIVE;
				CLANG_CXX_LANGUAGE_STANDARD = "gnu++14";
				CLANG_CXX_LIBRARY = "libc++";
				CLANG_ENABLE_MODULES = YES;
				CLANG_ENABLE_OBJC_ARC = YES;
				CLANG_ENABLE_OBJC_WEAK = YES;
				CLANG_WARN_BLOCK_CAPTURE_AUTORELEASING = YES;
				CLANG_WARN_BOOL_CONVERSION = YES;
				CLANG_WARN_COMMA = YES;
				CLANG_WARN_CONSTANT_CONVERSION = YES;
				CLANG_WARN_DEPRECATED_OBJC_IMPLEMENTATIONS = YES;
				CLANG_WARN_DIRECT_OBJC_ISA_USAGE = YES_ERROR;
				CLANG_WARN_DOCUMENTATION_COMMENTS = YES;
				CLANG_WARN_EMPTY_BODY = YES;
				CLANG_WARN_ENUM_CONVERSION = YES;
				CLANG_WARN_INFINITE_RECURSION = YES;
				CLANG_WARN_INT_CONVERSION = YES;
				CLANG_WARN_NON_LITERAL_NULL_CONVERSION = YES;
				CLANG_WARN_OBJC_IMPLICIT_RETAIN_SELF = YES;
				CLANG_WARN_OBJC_LITERAL_CONVERSION = YES;
				CLANG_WARN_OBJC_ROOT_CLASS = YES_ERROR;
				CLANG_WARN_QUOTED_INCLUDE_IN_FRAMEWORK_HEADER = YES;
				CLANG_WARN_RANGE_LOOP_ANALYSIS = YES;
				CLANG_WARN_STRICT_PROTOTYPES = YES;
				CLANG_WARN_SUSPICIOUS_MOVE = YES;
				CLANG_WARN_UNGUARDED_AVAILABILITY = YES_AGGRESSIVE;
				CLANG_WARN_UNREACHABLE_CODE = YES;
				CLANG_WARN__DUPLICATE_METHOD_MATCH = YES;
				COPY_PHASE_STRIP = NO;
				DEBUG_INFORMATION_FORMAT = dwarf;
				ENABLE_STRICT_OBJC_MSGSEND = YES;
				ENABLE_TESTABILITY = YES;
				GCC_C_LANGUAGE_STANDARD = gnu11;
				GCC_DYNAMIC_NO_PIC = NO;
				GCC_NO_COMMON_BLOCKS = YES;
				GCC_OPTIMIZATION_LEVEL = 0;
				GCC_PREPROCESSOR_DEFINITIONS = (
					"DEBUG=1",
					"$(inherited)",
				);
				GCC_WARN_64_TO_32_BIT_CONVERSION = YES;
				GCC_WARN_ABOUT_RETURN_TYPE = YES_ERROR;
				GCC_WARN_UNDECLARED_SELECTOR = YES;
				GCC_WARN_UNINITIALIZED_AUTOS = YES_AGGRESSIVE;
				GCC_WARN_UNUSED_FUNCTION = YES;
				GCC_WARN_UNUSED_VARIABLE = YES;
				IPHONEOS_DEPLOYMENT_TARGET = 14.4;
				MTL_ENABLE_DEBUG_INFO = INCLUDE_SOURCE;
				MTL_FAST_MATH = YES;
				ONLY_ACTIVE_ARCH = YES;
				SDKROOT = iphoneos;
				SWIFT_ACTIVE_COMPILATION_CONDITIONS = DEBUG;
				SWIFT_OPTIMIZATION_LEVEL = "-Onone";
			};
			name = Debug;
		};
		0478132D262B2A3F008033B0 /* Release */ = {
			isa = XCBuildConfiguration;
			buildSettings = {
				ALWAYS_SEARCH_USER_PATHS = NO;
				CLANG_ANALYZER_NONNULL = YES;
				CLANG_ANALYZER_NUMBER_OBJECT_CONVERSION = YES_AGGRESSIVE;
				CLANG_CXX_LANGUAGE_STANDARD = "gnu++14";
				CLANG_CXX_LIBRARY = "libc++";
				CLANG_ENABLE_MODULES = YES;
				CLANG_ENABLE_OBJC_ARC = YES;
				CLANG_ENABLE_OBJC_WEAK = YES;
				CLANG_WARN_BLOCK_CAPTURE_AUTORELEASING = YES;
				CLANG_WARN_BOOL_CONVERSION = YES;
				CLANG_WARN_COMMA = YES;
				CLANG_WARN_CONSTANT_CONVERSION = YES;
				CLANG_WARN_DEPRECATED_OBJC_IMPLEMENTATIONS = YES;
				CLANG_WARN_DIRECT_OBJC_ISA_USAGE = YES_ERROR;
				CLANG_WARN_DOCUMENTATION_COMMENTS = YES;
				CLANG_WARN_EMPTY_BODY = YES;
				CLANG_WARN_ENUM_CONVERSION = YES;
				CLANG_WARN_INFINITE_RECURSION = YES;
				CLANG_WARN_INT_CONVERSION = YES;
				CLANG_WARN_NON_LITERAL_NULL_CONVERSION = YES;
				CLANG_WARN_OBJC_IMPLICIT_RETAIN_SELF = YES;
				CLANG_WARN_OBJC_LITERAL_CONVERSION = YES;
				CLANG_WARN_OBJC_ROOT_CLASS = YES_ERROR;
				CLANG_WARN_QUOTED_INCLUDE_IN_FRAMEWORK_HEADER = YES;
				CLANG_WARN_RANGE_LOOP_ANALYSIS = YES;
				CLANG_WARN_STRICT_PROTOTYPES = YES;
				CLANG_WARN_SUSPICIOUS_MOVE = YES;
				CLANG_WARN_UNGUARDED_AVAILABILITY = YES_AGGRESSIVE;
				CLANG_WARN_UNREACHABLE_CODE = YES;
				CLANG_WARN__DUPLICATE_METHOD_MATCH = YES;
				COPY_PHASE_STRIP = NO;
				DEBUG_INFORMATION_FORMAT = "dwarf-with-dsym";
				ENABLE_NS_ASSERTIONS = NO;
				ENABLE_STRICT_OBJC_MSGSEND = YES;
				GCC_C_LANGUAGE_STANDARD = gnu11;
				GCC_NO_COMMON_BLOCKS = YES;
				GCC_WARN_64_TO_32_BIT_CONVERSION = YES;
				GCC_WARN_ABOUT_RETURN_TYPE = YES_ERROR;
				GCC_WARN_UNDECLARED_SELECTOR = YES;
				GCC_WARN_UNINITIALIZED_AUTOS = YES_AGGRESSIVE;
				GCC_WARN_UNUSED_FUNCTION = YES;
				GCC_WARN_UNUSED_VARIABLE = YES;
				IPHONEOS_DEPLOYMENT_TARGET = 14.4;
				MTL_ENABLE_DEBUG_INFO = NO;
				MTL_FAST_MATH = YES;
				SDKROOT = iphoneos;
				SWIFT_COMPILATION_MODE = wholemodule;
				SWIFT_OPTIMIZATION_LEVEL = "-O";
				VALIDATE_PRODUCT = YES;
			};
			name = Release;
		};
		0478132F262B2A3F008033B0 /* Debug */ = {
			isa = XCBuildConfiguration;
			buildSettings = {
				ASSETCATALOG_COMPILER_APPICON_NAME = AppIcon;
				ASSETCATALOG_COMPILER_GLOBAL_ACCENT_COLOR_NAME = AccentColor;
				CODE_SIGN_STYLE = Automatic;
				DEVELOPMENT_TEAM = JXJ5VHYBLN;
				INFOPLIST_FILE = SampleFeatureFlags/Info.plist;
				LD_RUNPATH_SEARCH_PATHS = (
					"$(inherited)",
					"@executable_path/Frameworks",
				);
				PRODUCT_BUNDLE_IDENTIFIER = app.SampleFeatureFlags;
				PRODUCT_NAME = "$(TARGET_NAME)";
				SWIFT_VERSION = 5.0;
				TARGETED_DEVICE_FAMILY = "1,2";
			};
			name = Debug;
		};
		04781330262B2A3F008033B0 /* Release */ = {
			isa = XCBuildConfiguration;
			buildSettings = {
				ASSETCATALOG_COMPILER_APPICON_NAME = AppIcon;
				ASSETCATALOG_COMPILER_GLOBAL_ACCENT_COLOR_NAME = AccentColor;
				CODE_SIGN_STYLE = Automatic;
				DEVELOPMENT_TEAM = JXJ5VHYBLN;
				INFOPLIST_FILE = SampleFeatureFlags/Info.plist;
				LD_RUNPATH_SEARCH_PATHS = (
					"$(inherited)",
					"@executable_path/Frameworks",
				);
				PRODUCT_BUNDLE_IDENTIFIER = app.SampleFeatureFlags;
				PRODUCT_NAME = "$(TARGET_NAME)";
				SWIFT_VERSION = 5.0;
				TARGETED_DEVICE_FAMILY = "1,2";
			};
			name = Release;
		};
/* End XCBuildConfiguration section */

/* Begin XCConfigurationList section */
		04781315262B2A3C008033B0 /* Build configuration list for PBXProject "SampleFeatureFlags" */ = {
			isa = XCConfigurationList;
			buildConfigurations = (
				0478132C262B2A3F008033B0 /* Debug */,
				0478132D262B2A3F008033B0 /* Release */,
			);
			defaultConfigurationIsVisible = 0;
			defaultConfigurationName = Release;
		};
		0478132E262B2A3F008033B0 /* Build configuration list for PBXNativeTarget "SampleFeatureFlags" */ = {
			isa = XCConfigurationList;
			buildConfigurations = (
				0478132F262B2A3F008033B0 /* Debug */,
				04781330262B2A3F008033B0 /* Release */,
			);
			defaultConfigurationIsVisible = 0;
			defaultConfigurationName = Release;
		};
/* End XCConfigurationList section */

/* Begin XCRemoteSwiftPackageReference section */
		04781344262B2BFF008033B0 /* XCRemoteSwiftPackageReference "UnleashGitlabFeatureFlags" */ = {
			isa = XCRemoteSwiftPackageReference;
			repositoryURL = "https://github.com/goaIKPI/UnleashGitlabFeatureFlags";
			requirement = {
				kind = upToNextMajorVersion;
				minimumVersion = 1.0.0;
			};
		};
/* End XCRemoteSwiftPackageReference section */

/* Begin XCSwiftPackageProductDependency section */
		04781345262B2BFF008033B0 /* UnleashFeatureFlags */ = {
			isa = XCSwiftPackageProductDependency;
			package = 04781344262B2BFF008033B0 /* XCRemoteSwiftPackageReference "UnleashGitlabFeatureFlags" */;
			productName = UnleashFeatureFlags;
		};
/* End XCSwiftPackageProductDependency section */
	};
	rootObject = 04781312262B2A3C008033B0 /* Project object */;
}
